
Microsoft Visual Studio Solution File, Format Version 12.00
# Visual Studio Version 17
VisualStudioVersion = 17.12.35707.178
MinimumVisualStudioVersion = 10.0.40219.1
Project("{2150E333-8FDC-42A3-9474-1A3956D46DE8}") = "Web", "Web", "{B8309821-3164-450F-8815-AE92D31AB5BC}"
EndProject
Project("{2150E333-8FDC-42A3-9474-1A3956D46DE8}") = "DataLayer", "DataLayer", "{A914AD60-69C1-414A-9BCD-96DA77C82655}"
EndProject
Project("{2150E333-8FDC-42A3-9474-1A3956D46DE8}") = "Models", "Models", "{08A27F19-AE1C-408E-91B7-1772C3E0DEE2}"
EndProject
Project("{2150E333-8FDC-42A3-9474-1A3956D46DE8}") = "BusinessLayer", "BusinessLayer", "{11243A6D-2D14-44E2-B3E5-A51AB656CD6F}"
EndProject
Project("{FAE04EC0-301F-11D3-BF4B-00C04F79EFBC}") = "Beauty4u.Data", "Beauty4u.Data\Beauty4u.Data.csproj", "{3B39F5B7-2F84-45C9-AECE-EF3858543B62}"
EndProject
Project("{FAE04EC0-301F-11D3-BF4B-00C04F79EFBC}") = "Beauty4u.DataAccess", "Beauty4u.DataAccess\Beauty4u.DataAccess.csproj", "{54624FFB-A6BC-487D-B4A6-DE29113E5F1F}"
EndProject
Project("{FAE04EC0-301F-11D3-BF4B-00C04F79EFBC}") = "Beauty4u.Interfaces", "Beauty4u.Interfaces\Beauty4u.Interfaces.csproj", "{7445ED64-2CE7-46A2-B74A-C91652585FBC}"
EndProject
Project("{FAE04EC0-301F-11D3-BF4B-00C04F79EFBC}") = "Beauty4u.Models", "Beauty4u.Models\Beauty4u.Models.csproj", "{9C8B3352-E008-48F3-864F-7F468122F325}"
EndProject
Project("{FAE04EC0-301F-11D3-BF4B-00C04F79EFBC}") = "Beauty4u.WebApi", "Beauty4u.WebApi\Beauty4u.WebApi.csproj", "{D74BAFD2-1691-4507-9956-3EC419F6B209}"
EndProject
Project("{FAE04EC0-301F-11D3-BF4B-00C04F79EFBC}") = "Beauty4u.Common", "Beauty4u.Common\Beauty4u.Common.csproj", "{06FD24D4-5A71-C790-260B-30415C72D499}"
EndProject
Project("{FAE04EC0-301F-11D3-BF4B-00C04F79EFBC}") = "Beauty4u.Business", "Beauty4u.Business\Beauty4u.Business.csproj", "{5B3ECBD4-5667-2D81-348E-89FAC4188B0E}"
EndProject
Project("{FAE04EC0-301F-11D3-BF4B-00C04F79EFBC}") = "Beauty4u.ApiAccess", "Beauty4u.ApiAccess\Beauty4u.ApiAccess.csproj", "{97BF56AD-442F-4585-9515-5C54479D3229}"
EndProject
Project("{FAE04EC0-301F-11D3-BF4B-00C04F79EFBC}") = "Beauty4u.Jobs", "Beauty4u.Jobs\Beauty4u.Jobs.csproj", "{087ADBDE-7B14-442F-A544-A79D64F59448}"
EndProject
Global
	GlobalSection(SolutionConfigurationPlatforms) = preSolution
		Debug|Any CPU = Debug|Any CPU
		Release|Any CPU = Release|Any CPU
	EndGlobalSection
	GlobalSection(ProjectConfigurationPlatforms) = postSolution
		{3B39F5B7-2F84-45C9-AECE-EF3858543B62}.Debug|Any CPU.ActiveCfg = Debug|Any CPU
		{3B39F5B7-2F84-45C9-AECE-EF3858543B62}.Debug|Any CPU.Build.0 = Debug|Any CPU
		{3B39F5B7-2F84-45C9-AECE-EF3858543B62}.Release|Any CPU.ActiveCfg = Release|Any CPU
		{3B39F5B7-2F84-45C9-AECE-EF3858543B62}.Release|Any CPU.Build.0 = Release|Any CPU
		{54624FFB-A6BC-487D-B4A6-DE29113E5F1F}.Debug|Any CPU.ActiveCfg = Debug|Any CPU
		{54624FFB-A6BC-487D-B4A6-DE29113E5F1F}.Debug|Any CPU.Build.0 = Debug|Any CPU
		{54624FFB-A6BC-487D-B4A6-DE29113E5F1F}.Release|Any CPU.ActiveCfg = Release|Any CPU
		{54624FFB-A6BC-487D-B4A6-DE29113E5F1F}.Release|Any CPU.Build.0 = Release|Any CPU
		{7445ED64-2CE7-46A2-B74A-C91652585FBC}.Debug|Any CPU.ActiveCfg = Debug|Any CPU
		{7445ED64-2CE7-46A2-B74A-C91652585FBC}.Debug|Any CPU.Build.0 = Debug|Any CPU
		{7445ED64-2CE7-46A2-B74A-C91652585FBC}.Release|Any CPU.ActiveCfg = Release|Any CPU
		{7445ED64-2CE7-46A2-B74A-C91652585FBC}.Release|Any CPU.Build.0 = Release|Any CPU
		{9C8B3352-E008-48F3-864F-7F468122F325}.Debug|Any CPU.ActiveCfg = Debug|Any CPU
		{9C8B3352-E008-48F3-864F-7F468122F325}.Debug|Any CPU.Build.0 = Debug|Any CPU
		{9C8B3352-E008-48F3-864F-7F468122F325}.Release|Any CPU.ActiveCfg = Release|Any CPU
		{9C8B3352-E008-48F3-864F-7F468122F325}.Release|Any CPU.Build.0 = Release|Any CPU
		{D74BAFD2-1691-4507-9956-3EC419F6B209}.Debug|Any CPU.ActiveCfg = Debug|Any CPU
		{D74BAFD2-1691-4507-9956-3EC419F6B209}.Debug|Any CPU.Build.0 = Debug|Any CPU
		{D74BAFD2-1691-4507-9956-3EC419F6B209}.Release|Any CPU.ActiveCfg = Release|Any CPU
		{D74BAFD2-1691-4507-9956-3EC419F6B209}.Release|Any CPU.Build.0 = Release|Any CPU
		{06FD24D4-5A71-C790-260B-30415C72D499}.Debug|Any CPU.ActiveCfg = Debug|Any CPU
		{06FD24D4-5A71-C790-260B-30415C72D499}.Debug|Any CPU.Build.0 = Debug|Any CPU
		{06FD24D4-5A71-C790-260B-30415C72D499}.Release|Any CPU.ActiveCfg = Release|Any CPU
		{06FD24D4-5A71-C790-260B-30415C72D499}.Release|Any CPU.Build.0 = Release|Any CPU
		{5B3ECBD4-5667-2D81-348E-89FAC4188B0E}.Debug|Any CPU.ActiveCfg = Debug|Any CPU
		{5B3ECBD4-5667-2D81-348E-89FAC4188B0E}.Debug|Any CPU.Build.0 = Debug|Any CPU
		{5B3ECBD4-5667-2D81-348E-89FAC4188B0E}.Release|Any CPU.ActiveCfg = Release|Any CPU
		{5B3ECBD4-5667-2D81-348E-89FAC4188B0E}.Release|Any CPU.Build.0 = Release|Any CPU
		{97BF56AD-442F-4585-9515-5C54479D3229}.Debug|Any CPU.ActiveCfg = Debug|Any CPU
		{97BF56AD-442F-4585-9515-5C54479D3229}.Debug|Any CPU.Build.0 = Debug|Any CPU
		{97BF56AD-442F-4585-9515-5C54479D3229}.Release|Any CPU.ActiveCfg = Release|Any CPU
		{97BF56AD-442F-4585-9515-5C54479D3229}.Release|Any CPU.Build.0 = Release|Any CPU
		{087ADBDE-7B14-442F-A544-A79D64F59448}.Debug|Any CPU.ActiveCfg = Debug|Any CPU
		{087ADBDE-7B14-442F-A544-A79D64F59448}.Debug|Any CPU.Build.0 = Debug|Any CPU
		{087ADBDE-7B14-442F-A544-A79D64F59448}.Release|Any CPU.ActiveCfg = Release|Any CPU
		{087ADBDE-7B14-442F-A544-A79D64F59448}.Release|Any CPU.Build.0 = Release|Any CPU
	EndGlobalSection
	GlobalSection(SolutionProperties) = preSolution
		HideSolutionNode = FALSE
	EndGlobalSection
	GlobalSection(NestedProjects) = preSolution
		{3B39F5B7-2F84-45C9-AECE-EF3858543B62} = {A914AD60-69C1-414A-9BCD-96DA77C82655}
		{54624FFB-A6BC-487D-B4A6-DE29113E5F1F} = {A914AD60-69C1-414A-9BCD-96DA77C82655}
		{7445ED64-2CE7-46A2-B74A-C91652585FBC} = {08A27F19-AE1C-408E-91B7-1772C3E0DEE2}
		{9C8B3352-E008-48F3-864F-7F468122F325} = {08A27F19-AE1C-408E-91B7-1772C3E0DEE2}
		{D74BAFD2-1691-4507-9956-3EC419F6B209} = {B8309821-3164-450F-8815-AE92D31AB5BC}
		{06FD24D4-5A71-C790-260B-30415C72D499} = {11243A6D-2D14-44E2-B3E5-A51AB656CD6F}
		{5B3ECBD4-5667-2D81-348E-89FAC4188B0E} = {11243A6D-2D14-44E2-B3E5-A51AB656CD6F}
		{97BF56AD-442F-4585-9515-5C54479D3229} = {A914AD60-69C1-414A-9BCD-96DA77C82655}
		{087ADBDE-7B14-442F-A544-A79D64F59448} = {B8309821-3164-450F-8815-AE92D31AB5BC}
	EndGlobalSection
	GlobalSection(ExtensibilityGlobals) = postSolution
		SolutionGuid = {2F9B7CFB-794F-4191-90FC-F78C6872A8E9}
	EndGlobalSection
EndGlobal
